{
    "name": "lehui_uniapp",
    "version": "v0.0.10_4",
    "lockfileVersion": 2,
    "requires": true,
    "packages": {
        "": {
            "version": "v0.0.10_4",
            "dependencies": {
                "@lucky-canvas/uni": "^0.0.13",
                "cl-uni": "^1.8.20",
                "uni-luck-draw": "^1.3.9"
            }
        },
        "node_modules/@lucky-canvas/uni": {
            "version": "0.0.13",
            "resolved": "https://registry.npmjs.org/@lucky-canvas/uni/-/uni-0.0.13.tgz",
            "integrity": "sha512-rtudKkWgGY+Uj+1xvZJqbQ/NMGGvge/os0cypj12EO6RK8ZX0NKVR97SxEsFG7mn96cDn96tCg12MwmYQHkB9g==",
            "dependencies": {
                "lucky-canvas": "~1.7.19"
            }
        },
        "node_modules/@lucky-canvas/uni/node_modules/lucky-canvas": {
            "version": "1.7.27",
            "resolved": "https://registry.npmjs.org/lucky-canvas/-/lucky-canvas-1.7.27.tgz",
            "integrity": "sha512-Ftz6qD+863bI7xijBmZg3dw3cNEc7odPr70EZQcGA14y3TgTAzH65HPosOCd6kKUlMwhntBaHMx3onoj9MtJRQ=="
        },
        "node_modules/cl-uni": {
            "version": "1.8.20",
            "resolved": "https://registry.npmjs.org/cl-uni/-/cl-uni-1.8.20.tgz",
            "integrity": "sha512-pfNdlMSYrnNfxUrW/ue9CkpI8FMgAKZiSjYqIY0iX70R+z/nBzQK7oemIQ2P7G2YauUh9Md2pV2dCvFB1gHjoA=="
        },
        "node_modules/lucky-canvas": {
            "version": "1.5.14",
            "resolved": "https://registry.npmjs.org/lucky-canvas/-/lucky-canvas-1.5.14.tgz",
            "integrity": "sha512-tZq0JcUK7lyF7+KhywNNbtR26JOi0I6MNFe9rMi1D/wz50/3Mb9gpFKvh/d4O6/nQa2wRkYGONCVbYHGMf7tgA=="
        },
        "node_modules/uni-luck-draw": {
            "version": "1.3.9",
            "resolved": "https://registry.npmjs.org/uni-luck-draw/-/uni-luck-draw-1.3.9.tgz",
            "integrity": "sha512-n0uUHeHL91lUpeoTYE1b6dWyYCdFfN64wGd0v/x8qyacUVbKGGP+QzdcxniVBmFM8Ycgixvxro0cMY6Hag/mQg==",
            "dependencies": {
                "lucky-canvas": "^1.5.3"
            }
        }
    },
    "dependencies": {
        "@lucky-canvas/uni": {
            "version": "0.0.13",
            "resolved": "https://registry.npmjs.org/@lucky-canvas/uni/-/uni-0.0.13.tgz",
            "integrity": "sha512-rtudKkWgGY+Uj+1xvZJqbQ/NMGGvge/os0cypj12EO6RK8ZX0NKVR97SxEsFG7mn96cDn96tCg12MwmYQHkB9g==",
            "requires": {
                "lucky-canvas": "~1.7.19"
            },
            "dependencies": {
                "lucky-canvas": {
                    "version": "1.7.27",
                    "resolved": "https://registry.npmjs.org/lucky-canvas/-/lucky-canvas-1.7.27.tgz",
                    "integrity": "sha512-Ftz6qD+863bI7xijBmZg3dw3cNEc7odPr70EZQcGA14y3TgTAzH65HPosOCd6kKUlMwhntBaHMx3onoj9MtJRQ=="
                }
            }
        },
        "cl-uni": {
            "version": "1.8.20",
            "resolved": "https://registry.npmjs.org/cl-uni/-/cl-uni-1.8.20.tgz",
            "integrity": "sha512-pfNdlMSYrnNfxUrW/ue9CkpI8FMgAKZiSjYqIY0iX70R+z/nBzQK7oemIQ2P7G2YauUh9Md2pV2dCvFB1gHjoA=="
        },
        "lucky-canvas": {
            "version": "1.5.14",
            "resolved": "https://registry.npmjs.org/lucky-canvas/-/lucky-canvas-1.5.14.tgz",
            "integrity": "sha512-tZq0JcUK7lyF7+KhywNNbtR26JOi0I6MNFe9rMi1D/wz50/3Mb9gpFKvh/d4O6/nQa2wRkYGONCVbYHGMf7tgA=="
        },
        "uni-luck-draw": {
            "version": "1.3.9",
            "resolved": "https://registry.npmjs.org/uni-luck-draw/-/uni-luck-draw-1.3.9.tgz",
            "integrity": "sha512-n0uUHeHL91lUpeoTYE1b6dWyYCdFfN64wGd0v/x8qyacUVbKGGP+QzdcxniVBmFM8Ycgixvxro0cMY6Hag/mQg==",
            "requires": {
                "lucky-canvas": "^1.5.3"
            }
        }
    }
}
